
Microsoft Visual Studio Solution File, Format Version 12.00
# Visual Studio Version 16
VisualStudioVersion = 16.0.30204.135
MinimumVisualStudioVersion = 10.0.40219.1
Project("{FAE04EC0-301F-11D3-BF4B-00C04F79EFBC}") = "GraphqlIt", "GraphqlIt.csproj", "{2F383525-643D-48EC-BDC6-49F24DBB59B7}"
EndProject
Project("{FAE04EC0-301F-11D3-BF4B-00C04F79EFBC}") = "GraphqlIt.DataAccess", "..\GraphqlIt.DataAccess\GraphqlIt.DataAccess.csproj", "{A17CB4BB-E2B1-466C-85C1-22C284E6F953}"
EndProject
Project("{FAE04EC0-301F-11D3-BF4B-00C04F79EFBC}") = "GraphqlIt.DataBase", "..\GraphqlIt.DataBase\GraphqlIt.DataBase.csproj", "{8DD261DF-2BD1-4E94-B960-2C58B363DE55}"
EndProject
Project("{FAE04EC0-301F-11D3-BF4B-00C04F79EFBC}") = "GraphqlIt.Types", "..\GraphqlIt.Types\GraphqlIt.Types.csproj", "{ABC9AD01-D54A-4708-A020-85170B3AF04E}"
EndProject
Project("{FAE04EC0-301F-11D3-BF4B-00C04F79EFBC}") = "GraphqlIt.Utilities", "..\GraphqlIt.Utilities\GraphqlIt.Utilities.csproj", "{A641EE30-8345-4221-9E8F-62ACAB808252}"
EndProject
Global
	GlobalSection(SolutionConfigurationPlatforms) = preSolution
		Debug|Any CPU = Debug|Any CPU
		Release|Any CPU = Release|Any CPU
	EndGlobalSection
	GlobalSection(ProjectConfigurationPlatforms) = postSolution
		{2F383525-643D-48EC-BDC6-49F24DBB59B7}.Debug|Any CPU.ActiveCfg = Debug|Any CPU
		{2F383525-643D-48EC-BDC6-49F24DBB59B7}.Debug|Any CPU.Build.0 = Debug|Any CPU
		{2F383525-643D-48EC-BDC6-49F24DBB59B7}.Release|Any CPU.ActiveCfg = Release|Any CPU
		{2F383525-643D-48EC-BDC6-49F24DBB59B7}.Release|Any CPU.Build.0 = Release|Any CPU
		{A17CB4BB-E2B1-466C-85C1-22C284E6F953}.Debug|Any CPU.ActiveCfg = Debug|Any CPU
		{A17CB4BB-E2B1-466C-85C1-22C284E6F953}.Debug|Any CPU.Build.0 = Debug|Any CPU
		{A17CB4BB-E2B1-466C-85C1-22C284E6F953}.Release|Any CPU.ActiveCfg = Release|Any CPU
		{A17CB4BB-E2B1-466C-85C1-22C284E6F953}.Release|Any CPU.Build.0 = Release|Any CPU
		{8DD261DF-2BD1-4E94-B960-2C58B363DE55}.Debug|Any CPU.ActiveCfg = Debug|Any CPU
		{8DD261DF-2BD1-4E94-B960-2C58B363DE55}.Debug|Any CPU.Build.0 = Debug|Any CPU
		{8DD261DF-2BD1-4E94-B960-2C58B363DE55}.Release|Any CPU.ActiveCfg = Release|Any CPU
		{8DD261DF-2BD1-4E94-B960-2C58B363DE55}.Release|Any CPU.Build.0 = Release|Any CPU
		{ABC9AD01-D54A-4708-A020-85170B3AF04E}.Debug|Any CPU.ActiveCfg = Debug|Any CPU
		{ABC9AD01-D54A-4708-A020-85170B3AF04E}.Debug|Any CPU.Build.0 = Debug|Any CPU
		{ABC9AD01-D54A-4708-A020-85170B3AF04E}.Release|Any CPU.ActiveCfg = Release|Any CPU
		{ABC9AD01-D54A-4708-A020-85170B3AF04E}.Release|Any CPU.Build.0 = Release|Any CPU
		{A641EE30-8345-4221-9E8F-62ACAB808252}.Debug|Any CPU.ActiveCfg = Debug|Any CPU
		{A641EE30-8345-4221-9E8F-62ACAB808252}.Debug|Any CPU.Build.0 = Debug|Any CPU
		{A641EE30-8345-4221-9E8F-62ACAB808252}.Release|Any CPU.ActiveCfg = Release|Any CPU
		{A641EE30-8345-4221-9E8F-62ACAB808252}.Release|Any CPU.Build.0 = Release|Any CPU
	EndGlobalSection
	GlobalSection(SolutionProperties) = preSolution
		HideSolutionNode = FALSE
	EndGlobalSection
	GlobalSection(ExtensibilityGlobals) = postSolution
		SolutionGuid = {BEECCF32-D678-4C46-87DA-14D32572B889}
	EndGlobalSection
EndGlobal
